
Microsoft Visual Studio Solution File, Format Version 12.00
# Visual Studio Version 17
VisualStudioVersion = 17.13.35818.85 d17.13
MinimumVisualStudioVersion = 10.0.40219.1
Project("{FAE04EC0-301F-11D3-BF4B-00C04F79EFBC}") = "HesapMakinesi", "HesapMakinesi.csproj", "{E3CAEF6D-7EA8-464E-AB09-2262D7392655}"
EndProject
Global
	GlobalSection(SolutionConfigurationPlatforms) = preSolution
		Debug|Any CPU = Debug|Any CPU
		Release|Any CPU = Release|Any CPU
	EndGlobalSection
	GlobalSection(ProjectConfigurationPlatforms) = postSolution
		{E3CAEF6D-7EA8-464E-AB09-2262D7392655}.Debug|Any CPU.ActiveCfg = Debug|Any CPU
		{E3CAEF6D-7EA8-464E-AB09-2262D7392655}.Debug|Any CPU.Build.0 = Debug|Any CPU
		{E3CAEF6D-7EA8-464E-AB09-2262D7392655}.Release|Any CPU.ActiveCfg = Release|Any CPU
		{E3CAEF6D-7EA8-464E-AB09-2262D7392655}.Release|Any CPU.Build.0 = Release|Any CPU
	EndGlobalSection
	GlobalSection(SolutionProperties) = preSolution
		HideSolutionNode = FALSE
	EndGlobalSection
	GlobalSection(ExtensibilityGlobals) = postSolution
		SolutionGuid = {6CF5F57A-62F6-4DE6-8E6C-918780B7CE22}
	EndGlobalSection
EndGlobal
